{
  "_readme": [
    "This file locks the dependencies of your project to a known state",
    "Read more about it at https://getcomposer.org/doc/01-basic-usage.md#installing-dependencies",
    "This file is @generated automatically"
  ],
  "content-hash": "99c89cb94de2d62152be67e450c64244",
  "packages": [
    {
      "name": "pudo/pudo-common",
      "version": "v0.5.2",
      "source": {
        "type": "git",
        "url": "https://github.com/The-Courier-Guy/PUDO_Common.git",
        "reference": "eecf996fa3dc4bc79c8b6cf65fb09c62f12b85ba"
      },
      "dist": {
        "type": "zip",
        "url": "https://api.github.com/repos/The-Courier-Guy/PUDO_Common/zipball/eecf996fa3dc4bc79c8b6cf65fb09c62f12b85ba",
        "reference": "eecf996fa3dc4bc79c8b6cf65fb09c62f12b85ba",
        "shasum": ""
      },
      "require": {
        "php": "^8.0"
      },
      "type": "library",
      "autoload": {
        "psr-4": {
          "Pudo\\Common\\": "src/"
        }
      },
      "notification-url": "https://packagist.org/downloads/",
      "license": [
        "GPL-3.0"
      ],
      "authors": [
        {
          "name": "App Inlet (Pty) Ltd",
          "email": "info@appinlet.com"
        }
      ],
      "description": "PUDO common class for modules.",
      "homepage": "https://github.com/The-Courier-Guy/PUDO_Common",
      "support": {
        "issues": "https://github.com/The-Courier-Guy/PUDO_Common/issues",
        "source": "https://github.com/The-Courier-Guy/PUDO_Common/tree/v0.5.2"
      },
      "time": "2026-07-16T11:11:02+00:00"
    }
  ],
  "packages-dev": [],
  "aliases": [],
  "minimum-stability": "stable",
  "stability-flags": {},
  "prefer-stable": false,
  "prefer-lowest": false,
  "platform": {},
  "platform-dev": {},
  "plugin-api-version": "2.9.0"
}
